
Microsoft Visual Studio Solution File, Format Version 12.00
# Visual Studio Version 16
VisualStudioVersion = 16.0.30717.126
MinimumVisualStudioVersion = 10.0.40219.1
Project("{2150E333-8FDC-42A3-9474-1A3956D46DE8}") = "BusinessLogic", "BusinessLogic", "{34701156-CDBB-4C83-9F04-42B87242B24E}"
EndProject
Project("{2150E333-8FDC-42A3-9474-1A3956D46DE8}") = "DataAccess", "DataAccess", "{9A9C2D36-C280-456E-B442-B45AB3E75BAD}"
EndProject
Project("{2150E333-8FDC-42A3-9474-1A3956D46DE8}") = "Presentation", "Presentation", "{E812E1ED-0C8B-4ADD-8E11-F5D3E6F9BBFE}"
EndProject
Project("{FAE04EC0-301F-11D3-BF4B-00C04F79EFBC}") = "Mappers", "Mappers\Mappers.csproj", "{468A1C26-34ED-42D4-90AF-3BFA4969C03F}"
EndProject
Project("{FAE04EC0-301F-11D3-BF4B-00C04F79EFBC}") = "Data", "Data\Data.csproj", "{B1AF56E5-7446-46F6-9BAC-E7FAB13B79A2}"
EndProject
Project("{FAE04EC0-301F-11D3-BF4B-00C04F79EFBC}") = "Entities", "Entities\Entities.csproj", "{669181BF-186C-4EA4-BA3B-52F33EC8F0AB}"
EndProject
Project("{FAE04EC0-301F-11D3-BF4B-00C04F79EFBC}") = "EntityFramework", "EntityFramework\EntityFramework.csproj", "{ADB9B2C4-D3EB-4E5F-A155-57B38BB761C5}"
EndProject
Project("{FAE04EC0-301F-11D3-BF4B-00C04F79EFBC}") = "Domain", "Domain\Domain.csproj", "{66DEF5D5-87DC-4A13-B8A0-E189CD7C4CA2}"
EndProject
Project("{FAE04EC0-301F-11D3-BF4B-00C04F79EFBC}") = "Services", "Services\Services.csproj", "{909D3E03-9566-47D5-B306-4449E8F7C83E}"
EndProject
Project("{FAE04EC0-301F-11D3-BF4B-00C04F79EFBC}") = "Models", "Models\Models.csproj", "{CD52B99D-45F1-4F75-8809-BA84D3FAE268}"
EndProject
Project("{FAE04EC0-301F-11D3-BF4B-00C04F79EFBC}") = "API", "API\API.csproj", "{7D94E19C-D322-41C8-BE49-37C79DA34699}"
EndProject
Global
	GlobalSection(SolutionConfigurationPlatforms) = preSolution
		Debug|Any CPU = Debug|Any CPU
		Release|Any CPU = Release|Any CPU
	EndGlobalSection
	GlobalSection(ProjectConfigurationPlatforms) = postSolution
		{468A1C26-34ED-42D4-90AF-3BFA4969C03F}.Debug|Any CPU.ActiveCfg = Debug|Any CPU
		{468A1C26-34ED-42D4-90AF-3BFA4969C03F}.Debug|Any CPU.Build.0 = Debug|Any CPU
		{468A1C26-34ED-42D4-90AF-3BFA4969C03F}.Release|Any CPU.ActiveCfg = Release|Any CPU
		{468A1C26-34ED-42D4-90AF-3BFA4969C03F}.Release|Any CPU.Build.0 = Release|Any CPU
		{B1AF56E5-7446-46F6-9BAC-E7FAB13B79A2}.Debug|Any CPU.ActiveCfg = Debug|Any CPU
		{B1AF56E5-7446-46F6-9BAC-E7FAB13B79A2}.Debug|Any CPU.Build.0 = Debug|Any CPU
		{B1AF56E5-7446-46F6-9BAC-E7FAB13B79A2}.Release|Any CPU.ActiveCfg = Release|Any CPU
		{B1AF56E5-7446-46F6-9BAC-E7FAB13B79A2}.Release|Any CPU.Build.0 = Release|Any CPU
		{669181BF-186C-4EA4-BA3B-52F33EC8F0AB}.Debug|Any CPU.ActiveCfg = Debug|Any CPU
		{669181BF-186C-4EA4-BA3B-52F33EC8F0AB}.Debug|Any CPU.Build.0 = Debug|Any CPU
		{669181BF-186C-4EA4-BA3B-52F33EC8F0AB}.Release|Any CPU.ActiveCfg = Release|Any CPU
		{669181BF-186C-4EA4-BA3B-52F33EC8F0AB}.Release|Any CPU.Build.0 = Release|Any CPU
		{ADB9B2C4-D3EB-4E5F-A155-57B38BB761C5}.Debug|Any CPU.ActiveCfg = Debug|Any CPU
		{ADB9B2C4-D3EB-4E5F-A155-57B38BB761C5}.Debug|Any CPU.Build.0 = Debug|Any CPU
		{ADB9B2C4-D3EB-4E5F-A155-57B38BB761C5}.Release|Any CPU.ActiveCfg = Release|Any CPU
		{ADB9B2C4-D3EB-4E5F-A155-57B38BB761C5}.Release|Any CPU.Build.0 = Release|Any CPU
		{66DEF5D5-87DC-4A13-B8A0-E189CD7C4CA2}.Debug|Any CPU.ActiveCfg = Debug|Any CPU
		{66DEF5D5-87DC-4A13-B8A0-E189CD7C4CA2}.Debug|Any CPU.Build.0 = Debug|Any CPU
		{66DEF5D5-87DC-4A13-B8A0-E189CD7C4CA2}.Release|Any CPU.ActiveCfg = Release|Any CPU
		{66DEF5D5-87DC-4A13-B8A0-E189CD7C4CA2}.Release|Any CPU.Build.0 = Release|Any CPU
		{909D3E03-9566-47D5-B306-4449E8F7C83E}.Debug|Any CPU.ActiveCfg = Debug|Any CPU
		{909D3E03-9566-47D5-B306-4449E8F7C83E}.Debug|Any CPU.Build.0 = Debug|Any CPU
		{909D3E03-9566-47D5-B306-4449E8F7C83E}.Release|Any CPU.ActiveCfg = Release|Any CPU
		{909D3E03-9566-47D5-B306-4449E8F7C83E}.Release|Any CPU.Build.0 = Release|Any CPU
		{CD52B99D-45F1-4F75-8809-BA84D3FAE268}.Debug|Any CPU.ActiveCfg = Debug|Any CPU
		{CD52B99D-45F1-4F75-8809-BA84D3FAE268}.Debug|Any CPU.Build.0 = Debug|Any CPU
		{CD52B99D-45F1-4F75-8809-BA84D3FAE268}.Release|Any CPU.ActiveCfg = Release|Any CPU
		{CD52B99D-45F1-4F75-8809-BA84D3FAE268}.Release|Any CPU.Build.0 = Release|Any CPU
		{7D94E19C-D322-41C8-BE49-37C79DA34699}.Debug|Any CPU.ActiveCfg = Debug|Any CPU
		{7D94E19C-D322-41C8-BE49-37C79DA34699}.Debug|Any CPU.Build.0 = Debug|Any CPU
		{7D94E19C-D322-41C8-BE49-37C79DA34699}.Release|Any CPU.ActiveCfg = Release|Any CPU
		{7D94E19C-D322-41C8-BE49-37C79DA34699}.Release|Any CPU.Build.0 = Release|Any CPU
	EndGlobalSection
	GlobalSection(SolutionProperties) = preSolution
		HideSolutionNode = FALSE
	EndGlobalSection
	GlobalSection(NestedProjects) = preSolution
		{B1AF56E5-7446-46F6-9BAC-E7FAB13B79A2} = {9A9C2D36-C280-456E-B442-B45AB3E75BAD}
		{669181BF-186C-4EA4-BA3B-52F33EC8F0AB} = {9A9C2D36-C280-456E-B442-B45AB3E75BAD}
		{ADB9B2C4-D3EB-4E5F-A155-57B38BB761C5} = {9A9C2D36-C280-456E-B442-B45AB3E75BAD}
		{66DEF5D5-87DC-4A13-B8A0-E189CD7C4CA2} = {34701156-CDBB-4C83-9F04-42B87242B24E}
		{909D3E03-9566-47D5-B306-4449E8F7C83E} = {34701156-CDBB-4C83-9F04-42B87242B24E}
		{CD52B99D-45F1-4F75-8809-BA84D3FAE268} = {E812E1ED-0C8B-4ADD-8E11-F5D3E6F9BBFE}
		{7D94E19C-D322-41C8-BE49-37C79DA34699} = {E812E1ED-0C8B-4ADD-8E11-F5D3E6F9BBFE}
	EndGlobalSection
	GlobalSection(ExtensibilityGlobals) = postSolution
		SolutionGuid = {8325EC31-9A90-4567-B922-D1395027AA5F}
	EndGlobalSection
EndGlobal
